
Microsoft Visual Studio Solution File, Format Version 12.00
# Visual Studio Version 17
VisualStudioVersion = 17.14.36408.4
MinimumVisualStudioVersion = 10.0.40219.1
Project("{FAE04EC0-301F-11D3-BF4B-00C04F79EFBC}") = "RecipeShare.API", "RecipeShareAPI\RecipeShare.API.csproj", "{AB36F77F-170E-4711-8E44-7D616FD8C4D7}"
EndProject
Project("{FAE04EC0-301F-11D3-BF4B-00C04F79EFBC}") = "RecipeShare.Database", "RecipeShare.Database\RecipeShare.Database.csproj", "{9AA20A4D-94BB-4FA3-9AEC-429878D75652}"
EndProject
Project("{FAE04EC0-301F-11D3-BF4B-00C04F79EFBC}") = "RecipeShare.Database.Models", "RecipeShare.Database.Models\RecipeShare.Database.Models.csproj", "{2A9CB428-F93C-4125-965D-5A621582273C}"
EndProject
Global
	GlobalSection(SolutionConfigurationPlatforms) = preSolution
		Debug|Any CPU = Debug|Any CPU
		Release|Any CPU = Release|Any CPU
	EndGlobalSection
	GlobalSection(ProjectConfigurationPlatforms) = postSolution
		{AB36F77F-170E-4711-8E44-7D616FD8C4D7}.Debug|Any CPU.ActiveCfg = Debug|Any CPU
		{AB36F77F-170E-4711-8E44-7D616FD8C4D7}.Debug|Any CPU.Build.0 = Debug|Any CPU
		{AB36F77F-170E-4711-8E44-7D616FD8C4D7}.Release|Any CPU.ActiveCfg = Release|Any CPU
		{AB36F77F-170E-4711-8E44-7D616FD8C4D7}.Release|Any CPU.Build.0 = Release|Any CPU
		{9AA20A4D-94BB-4FA3-9AEC-429878D75652}.Debug|Any CPU.ActiveCfg = Debug|Any CPU
		{9AA20A4D-94BB-4FA3-9AEC-429878D75652}.Debug|Any CPU.Build.0 = Debug|Any CPU
		{9AA20A4D-94BB-4FA3-9AEC-429878D75652}.Release|Any CPU.ActiveCfg = Release|Any CPU
		{9AA20A4D-94BB-4FA3-9AEC-429878D75652}.Release|Any CPU.Build.0 = Release|Any CPU
		{2A9CB428-F93C-4125-965D-5A621582273C}.Debug|Any CPU.ActiveCfg = Debug|Any CPU
		{2A9CB428-F93C-4125-965D-5A621582273C}.Debug|Any CPU.Build.0 = Debug|Any CPU
		{2A9CB428-F93C-4125-965D-5A621582273C}.Release|Any CPU.ActiveCfg = Release|Any CPU
		{2A9CB428-F93C-4125-965D-5A621582273C}.Release|Any CPU.Build.0 = Release|Any CPU
	EndGlobalSection
	GlobalSection(SolutionProperties) = preSolution
		HideSolutionNode = FALSE
	EndGlobalSection
	GlobalSection(ExtensibilityGlobals) = postSolution
		SolutionGuid = {E77C6457-42ED-4C92-885F-E16C5935BC91}
	EndGlobalSection
EndGlobal
